
Microsoft Visual Studio Solution File, Format Version 12.00
# Visual Studio 15
VisualStudioVersion = 15.0.28307.168
MinimumVisualStudioVersion = 10.0.40219.1
Project("{FAE04EC0-301F-11D3-BF4B-00C04F79EFBC}") = "TestCalculator", "TestCalculator\TestCalculator.csproj", "{B7F2F127-87A1-455F-B0F6-71FB0E2D422B}"
EndProject
Global
	GlobalSection(SolutionConfigurationPlatforms) = preSolution
		Debug|Any CPU = Debug|Any CPU
		Release|Any CPU = Release|Any CPU
	EndGlobalSection
	GlobalSection(ProjectConfigurationPlatforms) = postSolution
		{B7F2F127-87A1-455F-B0F6-71FB0E2D422B}.Debug|Any CPU.ActiveCfg = Debug|Any CPU
		{B7F2F127-87A1-455F-B0F6-71FB0E2D422B}.Debug|Any CPU.Build.0 = Debug|Any CPU
		{B7F2F127-87A1-455F-B0F6-71FB0E2D422B}.Release|Any CPU.ActiveCfg = Release|Any CPU
		{B7F2F127-87A1-455F-B0F6-71FB0E2D422B}.Release|Any CPU.Build.0 = Release|Any CPU
	EndGlobalSection
	GlobalSection(SolutionProperties) = preSolution
		HideSolutionNode = FALSE
	EndGlobalSection
	GlobalSection(ExtensibilityGlobals) = postSolution
		SolutionGuid = {90A7DA88-C45D-44EC-A55A-9300A6AF0219}
	EndGlobalSection
EndGlobal
